
Microsoft Visual Studio Solution File, Format Version 12.00
# Visual Studio Version 16
VisualStudioVersion = 16.0.810.25
MinimumVisualStudioVersion = 10.0.40219.1
Project("{FAE04EC0-301F-11D3-BF4B-00C04F79EFBC}") = "Cars", "Cars.csproj", "{3E214622-96B4-4272-9000-46417B612DEB}"
EndProject
Global
	GlobalSection(SolutionConfigurationPlatforms) = preSolution
		Debug|Any CPU = Debug|Any CPU
		Release|Any CPU = Release|Any CPU
	EndGlobalSection
	GlobalSection(ProjectConfigurationPlatforms) = postSolution
		{3E214622-96B4-4272-9000-46417B612DEB}.Debug|Any CPU.ActiveCfg = Debug|Any CPU
		{3E214622-96B4-4272-9000-46417B612DEB}.Debug|Any CPU.Build.0 = Debug|Any CPU
		{3E214622-96B4-4272-9000-46417B612DEB}.Release|Any CPU.ActiveCfg = Release|Any CPU
		{3E214622-96B4-4272-9000-46417B612DEB}.Release|Any CPU.Build.0 = Release|Any CPU
	EndGlobalSection
	GlobalSection(SolutionProperties) = preSolution
		HideSolutionNode = FALSE
	EndGlobalSection
	GlobalSection(ExtensibilityGlobals) = postSolution
		SolutionGuid = {8EB20F35-259C-4426-A434-8D20DFF61469}
	EndGlobalSection
EndGlobal
